
Microsoft Visual Studio Solution File, Format Version 12.00
# Visual Studio Version 17
VisualStudioVersion = 17.8.34511.84
MinimumVisualStudioVersion = 10.0.40219.1
Project("{FAE04EC0-301F-11D3-BF4B-00C04F79EFBC}") = "codefirstASPCore6", "codefirstASPCore6\codefirstASPCore6.csproj", "{10996FC5-3842-4620-BC5F-DF019302CF45}"
EndProject
Global
	GlobalSection(SolutionConfigurationPlatforms) = preSolution
		Debug|Any CPU = Debug|Any CPU
		Release|Any CPU = Release|Any CPU
	EndGlobalSection
	GlobalSection(ProjectConfigurationPlatforms) = postSolution
		{10996FC5-3842-4620-BC5F-DF019302CF45}.Debug|Any CPU.ActiveCfg = Debug|Any CPU
		{10996FC5-3842-4620-BC5F-DF019302CF45}.Debug|Any CPU.Build.0 = Debug|Any CPU
		{10996FC5-3842-4620-BC5F-DF019302CF45}.Release|Any CPU.ActiveCfg = Release|Any CPU
		{10996FC5-3842-4620-BC5F-DF019302CF45}.Release|Any CPU.Build.0 = Release|Any CPU
	EndGlobalSection
	GlobalSection(SolutionProperties) = preSolution
		HideSolutionNode = FALSE
	EndGlobalSection
	GlobalSection(ExtensibilityGlobals) = postSolution
		SolutionGuid = {F3F17C35-DA6A-4062-A34A-C8AAC93B3266}
	EndGlobalSection
EndGlobal
